
Microsoft Visual Studio Solution File, Format Version 12.00
# Visual Studio Version 17
VisualStudioVersion = 17.7.33913.275
MinimumVisualStudioVersion = 10.0.40219.1
Project("{9A19103F-16F7-4668-BE54-9A1E7A4F7556}") = "ClientWebApp", "ClientWebApp.csproj", "{10C89C17-B279-49AF-B031-6A51207D0105}"
EndProject
Global
	GlobalSection(SolutionConfigurationPlatforms) = preSolution
		Debug|Any CPU = Debug|Any CPU
		Release|Any CPU = Release|Any CPU
	EndGlobalSection
	GlobalSection(ProjectConfigurationPlatforms) = postSolution
		{10C89C17-B279-49AF-B031-6A51207D0105}.Debug|Any CPU.ActiveCfg = Debug|Any CPU
		{10C89C17-B279-49AF-B031-6A51207D0105}.Debug|Any CPU.Build.0 = Debug|Any CPU
		{10C89C17-B279-49AF-B031-6A51207D0105}.Release|Any CPU.ActiveCfg = Release|Any CPU
		{10C89C17-B279-49AF-B031-6A51207D0105}.Release|Any CPU.Build.0 = Release|Any CPU
	EndGlobalSection
	GlobalSection(SolutionProperties) = preSolution
		HideSolutionNode = FALSE
	EndGlobalSection
	GlobalSection(ExtensibilityGlobals) = postSolution
		SolutionGuid = {C1341C76-5ED9-4201-AB5F-AEF9A02B9F70}
	EndGlobalSection
EndGlobal
